
Microsoft Visual Studio Solution File, Format Version 11.00
# Visual Basic Express 2010
Project("{F184B08F-C81C-45F6-A57F-5ABD9991F28F}") = "ConfigParser", "ConfigParser\ConfigParser.vbproj", "{271A318D-D257-418A-8476-204DC0FB569A}"
EndProject
Global
	GlobalSection(SolutionConfigurationPlatforms) = preSolution
		Debug|Any CPU = Debug|Any CPU
		Release|Any CPU = Release|Any CPU
	EndGlobalSection
	GlobalSection(ProjectConfigurationPlatforms) = postSolution
		{271A318D-D257-418A-8476-204DC0FB569A}.Debug|Any CPU.ActiveCfg = Debug|Any CPU
		{271A318D-D257-418A-8476-204DC0FB569A}.Debug|Any CPU.Build.0 = Debug|Any CPU
		{271A318D-D257-418A-8476-204DC0FB569A}.Release|Any CPU.ActiveCfg = Release|Any CPU
		{271A318D-D257-418A-8476-204DC0FB569A}.Release|Any CPU.Build.0 = Release|Any CPU
	EndGlobalSection
	GlobalSection(SolutionProperties) = preSolution
		HideSolutionNode = FALSE
	EndGlobalSection
EndGlobal
